
Microsoft Visual Studio Solution File, Format Version 12.00
# Visual Studio Version 17
VisualStudioVersion = 17.0.32014.148
MinimumVisualStudioVersion = 10.0.40219.1
Project("{FAE04EC0-301F-11D3-BF4B-00C04F79EFBC}") = "FaultyComponents", "FaultyComponents\FaultyComponents.csproj", "{28EDAA7E-9EB3-46EA-828B-5B6C31EBE8E7}"
EndProject
Global
	GlobalSection(SolutionConfigurationPlatforms) = preSolution
		Debug|Any CPU = Debug|Any CPU
		Release|Any CPU = Release|Any CPU
	EndGlobalSection
	GlobalSection(ProjectConfigurationPlatforms) = postSolution
		{28EDAA7E-9EB3-46EA-828B-5B6C31EBE8E7}.Debug|Any CPU.ActiveCfg = Debug|Any CPU
		{28EDAA7E-9EB3-46EA-828B-5B6C31EBE8E7}.Debug|Any CPU.Build.0 = Debug|Any CPU
		{28EDAA7E-9EB3-46EA-828B-5B6C31EBE8E7}.Release|Any CPU.ActiveCfg = Release|Any CPU
		{28EDAA7E-9EB3-46EA-828B-5B6C31EBE8E7}.Release|Any CPU.Build.0 = Release|Any CPU
	EndGlobalSection
	GlobalSection(SolutionProperties) = preSolution
		HideSolutionNode = FALSE
	EndGlobalSection
	GlobalSection(ExtensibilityGlobals) = postSolution
		SolutionGuid = {D1D5AAEA-6BF4-4CC4-AEE8-694D5FE081C6}
	EndGlobalSection
EndGlobal
